# This file is automatically @generated by Cargo.
# It is not intended for manual editing.
[[package]]
name = "autocfg"
version = "0.1.7"
source = "registry+https://github.com/rust-lang/crates.io-index"

[[package]]
name = "float-cmp"
version = "0.6.0"
source = "registry+https://github.com/rust-lang/crates.io-index"
dependencies = [
 "num-traits 0.2.10 (registry+https://github.com/rust-lang/crates.io-index)",
]

[[package]]
name = "num-traits"
version = "0.2.10"
source = "registry+https://github.com/rust-lang/crates.io-index"
dependencies = [
 "autocfg 0.1.7 (registry+https://github.com/rust-lang/crates.io-index)",
]

[[package]]
name = "rusty-linear-algebra"
version = "0.1.0"
dependencies = [
 "float-cmp 0.6.0 (registry+https://github.com/rust-lang/crates.io-index)",
 "staticvec 0.5.0 (registry+https://github.com/rust-lang/crates.io-index)",
]

[[package]]
name = "staticvec"
version = "0.5.0"
source = "registry+https://github.com/rust-lang/crates.io-index"

[metadata]
"checksum autocfg 0.1.7 (registry+https://github.com/rust-lang/crates.io-index)" = "1d49d90015b3c36167a20fe2810c5cd875ad504b39cff3d4eae7977e6b7c1cb2"
"checksum float-cmp 0.6.0 (registry+https://github.com/rust-lang/crates.io-index)" = "da62c4f1b81918835a8c6a484a397775fff5953fe83529afd51b05f5c6a6617d"
"checksum num-traits 0.2.10 (registry+https://github.com/rust-lang/crates.io-index)" = "d4c81ffc11c212fa327657cb19dd85eb7419e163b5b076bede2bdb5c974c07e4"
"checksum staticvec 0.5.0 (registry+https://github.com/rust-lang/crates.io-index)" = "d188772db33b3eef453faab26e780ba6322ac4118899a679b22f1a1fc2f2bcb9"
