# This file is automatically @generated by Cargo.
# It is not intended for manual editing.
[[package]]
name = "autocfg"
version = "1.0.0"
source = "registry+https://github.com/rust-lang/crates.io-index"

[[package]]
name = "doem-math"
version = "0.1.0"
dependencies = [
 "float-cmp 0.6.0 (registry+https://github.com/rust-lang/crates.io-index)",
 "staticvec 0.7.7 (registry+https://github.com/rust-lang/crates.io-index)",
]

[[package]]
name = "float-cmp"
version = "0.6.0"
source = "registry+https://github.com/rust-lang/crates.io-index"
dependencies = [
 "num-traits 0.2.11 (registry+https://github.com/rust-lang/crates.io-index)",
]

[[package]]
name = "num-traits"
version = "0.2.11"
source = "registry+https://github.com/rust-lang/crates.io-index"
dependencies = [
 "autocfg 1.0.0 (registry+https://github.com/rust-lang/crates.io-index)",
]

[[package]]
name = "staticsort"
version = "0.1.4"
source = "registry+https://github.com/rust-lang/crates.io-index"

[[package]]
name = "staticvec"
version = "0.7.7"
source = "registry+https://github.com/rust-lang/crates.io-index"
dependencies = [
 "staticsort 0.1.4 (registry+https://github.com/rust-lang/crates.io-index)",
]

[metadata]
"checksum autocfg 1.0.0 (registry+https://github.com/rust-lang/crates.io-index)" = "f8aac770f1885fd7e387acedd76065302551364496e46b3dd00860b2f8359b9d"
"checksum float-cmp 0.6.0 (registry+https://github.com/rust-lang/crates.io-index)" = "da62c4f1b81918835a8c6a484a397775fff5953fe83529afd51b05f5c6a6617d"
"checksum num-traits 0.2.11 (registry+https://github.com/rust-lang/crates.io-index)" = "c62be47e61d1842b9170f0fdeec8eba98e60e90e5446449a0545e5152acd7096"
"checksum staticsort 0.1.4 (registry+https://github.com/rust-lang/crates.io-index)" = "c51342c08536c6896456d8cdaba16ec8a607a8b1d5fb6757690bf0d18c5a0ae6"
"checksum staticvec 0.7.7 (registry+https://github.com/rust-lang/crates.io-index)" = "7a923e3a691dd0abc3b33f119a2103d7730e2e1d2c98d9c409a04053fcd8be91"
