# This file is automatically @generated by Cargo.
# It is not intended for manual editing.
[[package]]
name = "rusty-linear-algebra"
version = "0.1.0"
dependencies = [
 "staticvec 0.5.0 (registry+https://github.com/rust-lang/crates.io-index)",
]

[[package]]
name = "staticvec"
version = "0.5.0"
source = "registry+https://github.com/rust-lang/crates.io-index"

[metadata]
"checksum staticvec 0.5.0 (registry+https://github.com/rust-lang/crates.io-index)" = "d188772db33b3eef453faab26e780ba6322ac4118899a679b22f1a1fc2f2bcb9"
